
Microsoft Visual Studio Solution File, Format Version 12.00
# Visual Studio Version 17
VisualStudioVersion = 17.10.34804.81
MinimumVisualStudioVersion = 10.0.40219.1
Project("{FAE04EC0-301F-11D3-BF4B-00C04F79EFBC}") = "WebApplication1", "WebApplication1\WebApplication1.csproj", "{34EA434E-E774-454D-9E01-AA371A462B49}"
EndProject
Global
	GlobalSection(SolutionConfigurationPlatforms) = preSolution
		Debug|Any CPU = Debug|Any CPU
		Release|Any CPU = Release|Any CPU
	EndGlobalSection
	GlobalSection(ProjectConfigurationPlatforms) = postSolution
		{34EA434E-E774-454D-9E01-AA371A462B49}.Debug|Any CPU.ActiveCfg = Debug|Any CPU
		{34EA434E-E774-454D-9E01-AA371A462B49}.Debug|Any CPU.Build.0 = Debug|Any CPU
		{34EA434E-E774-454D-9E01-AA371A462B49}.Release|Any CPU.ActiveCfg = Release|Any CPU
		{34EA434E-E774-454D-9E01-AA371A462B49}.Release|Any CPU.Build.0 = Release|Any CPU
	EndGlobalSection
	GlobalSection(SolutionProperties) = preSolution
		HideSolutionNode = FALSE
	EndGlobalSection
	GlobalSection(ExtensibilityGlobals) = postSolution
		SolutionGuid = {065B902A-5E5A-4A5B-98D9-EE0EA4D23D28}
	EndGlobalSection
EndGlobal
